// !$*UTF8*$!
{
	archiveVersion = 1;
	classes = {
	};
	objectVersion = 56;
	objects = {

/* Begin PBXBuildFile section */
		4D1DACD72B117DC700AFA13A /* InstagramApp.swift in Sources */ = {isa = PBXBuildFile; fileRef = 4D1DACD62B117DC700AFA13A /* InstagramApp.swift */; };
		4D1DACD92B117DC700AFA13A /* SigninView.swift in Sources */ = {isa = PBXBuildFile; fileRef = 4D1DACD82B117DC700AFA13A /* SigninView.swift */; };
		4D1DACDB2B117DC900AFA13A /* Assets.xcassets in Resources */ = {isa = PBXBuildFile; fileRef = 4D1DACDA2B117DC900AFA13A /* Assets.xcassets */; };
		4D1DACDE2B117DC900AFA13A /* Preview Assets.xcassets in Resources */ = {isa = PBXBuildFile; fileRef = 4D1DACDD2B117DC900AFA13A /* Preview Assets.xcassets */; };
		4D1DACE62B1194BB00AFA13A /* SigninButton.swift in Sources */ = {isa = PBXBuildFile; fileRef = 4D1DACE52B1194BB00AFA13A /* SigninButton.swift */; };
		4D1DACE82B1194E700AFA13A /* SignupText.swift in Sources */ = {isa = PBXBuildFile; fileRef = 4D1DACE72B1194E700AFA13A /* SignupText.swift */; };
		4D1DACEA2B11950600AFA13A /* PasswordTextView.swift in Sources */ = {isa = PBXBuildFile; fileRef = 4D1DACE92B11950600AFA13A /* PasswordTextView.swift */; };
		4D1DACEC2B11953B00AFA13A /* EmailTextView.swift in Sources */ = {isa = PBXBuildFile; fileRef = 4D1DACEB2B11953B00AFA13A /* EmailTextView.swift */; };
		4D1DACEE2B11955C00AFA13A /* HeaderView.swift in Sources */ = {isa = PBXBuildFile; fileRef = 4D1DACED2B11955C00AFA13A /* HeaderView.swift */; };
		4D1DAD2E2B121A5A00AFA13A /* Constants.swift in Sources */ = {isa = PBXBuildFile; fileRef = 4D1DAD2D2B121A5A00AFA13A /* Constants.swift */; };
		4D1DAD302B121B6700AFA13A /* Modifiers.swift in Sources */ = {isa = PBXBuildFile; fileRef = 4D1DAD2F2B121B6700AFA13A /* Modifiers.swift */; };
		4D1DAD322B122B6F00AFA13A /* SignupView.swift in Sources */ = {isa = PBXBuildFile; fileRef = 4D1DAD312B122B6F00AFA13A /* SignupView.swift */; };
		4D1DAD342B122C7500AFA13A /* UsernameTextField.swift in Sources */ = {isa = PBXBuildFile; fileRef = 4D1DAD332B122C7500AFA13A /* UsernameTextField.swift */; };
		4D1DAD362B122EAB00AFA13A /* SignupButton.swift in Sources */ = {isa = PBXBuildFile; fileRef = 4D1DAD352B122EAB00AFA13A /* SignupButton.swift */; };
		4D1DAD722B123C9D00AFA13A /* FirebaseAnalytics in Frameworks */ = {isa = PBXBuildFile; productRef = 4D1DAD712B123C9D00AFA13A /* FirebaseAnalytics */; };
		4D1DAD742B123C9D00AFA13A /* FirebaseAnalyticsOnDeviceConversion in Frameworks */ = {isa = PBXBuildFile; productRef = 4D1DAD732B123C9D00AFA13A /* FirebaseAnalyticsOnDeviceConversion */; };
		4D1DAD762B123C9D00AFA13A /* FirebaseAnalyticsSwift in Frameworks */ = {isa = PBXBuildFile; productRef = 4D1DAD752B123C9D00AFA13A /* FirebaseAnalyticsSwift */; };
		4D1DAD782B123C9D00AFA13A /* FirebaseAnalyticsWithoutAdIdSupport in Frameworks */ = {isa = PBXBuildFile; productRef = 4D1DAD772B123C9D00AFA13A /* FirebaseAnalyticsWithoutAdIdSupport */; };
		4D1DAD7A2B123C9D00AFA13A /* FirebaseAppCheck in Frameworks */ = {isa = PBXBuildFile; productRef = 4D1DAD792B123C9D00AFA13A /* FirebaseAppCheck */; };
/* End PBXBuildFile section */

/* Begin PBXFileReference section */
		4D1DACD32B117DC700AFA13A /* Instagram.app */ = {isa = PBXFileReference; explicitFileType = wrapper.application; includeInIndex = 0; path = Instagram.app; sourceTree = BUILT_PRODUCTS_DIR; };
		4D1DACD62B117DC700AFA13A /* InstagramApp.swift */ = {isa = PBXFileReference; lastKnownFileType = sourcecode.swift; path = InstagramApp.swift; sourceTree = "<group>"; };
		4D1DACD82B117DC700AFA13A /* SigninView.swift */ = {isa = PBXFileReference; lastKnownFileType = sourcecode.swift; path = SigninView.swift; sourceTree = "<group>"; };
		4D1DACDA2B117DC900AFA13A /* Assets.xcassets */ = {isa = PBXFileReference; lastKnownFileType = folder.assetcatalog; path = Assets.xcassets; sourceTree = "<group>"; };
		4D1DACDD2B117DC900AFA13A /* Preview Assets.xcassets */ = {isa = PBXFileReference; lastKnownFileType = folder.assetcatalog; path = "Preview Assets.xcassets"; sourceTree = "<group>"; };
		4D1DACE52B1194BB00AFA13A /* SigninButton.swift */ = {isa = PBXFileReference; lastKnownFileType = sourcecode.swift; path = SigninButton.swift; sourceTree = "<group>"; };
		4D1DACE72B1194E700AFA13A /* SignupText.swift */ = {isa = PBXFileReference; lastKnownFileType = sourcecode.swift; path = SignupText.swift; sourceTree = "<group>"; };
		4D1DACE92B11950600AFA13A /* PasswordTextView.swift */ = {isa = PBXFileReference; lastKnownFileType = sourcecode.swift; path = PasswordTextView.swift; sourceTree = "<group>"; };
		4D1DACEB2B11953B00AFA13A /* EmailTextView.swift */ = {isa = PBXFileReference; lastKnownFileType = sourcecode.swift; path = EmailTextView.swift; sourceTree = "<group>"; };
		4D1DACED2B11955C00AFA13A /* HeaderView.swift */ = {isa = PBXFileReference; lastKnownFileType = sourcecode.swift; path = HeaderView.swift; sourceTree = "<group>"; };
		4D1DAD2D2B121A5A00AFA13A /* Constants.swift */ = {isa = PBXFileReference; lastKnownFileType = sourcecode.swift; path = Constants.swift; sourceTree = "<group>"; };
		4D1DAD2F2B121B6700AFA13A /* Modifiers.swift */ = {isa = PBXFileReference; lastKnownFileType = sourcecode.swift; path = Modifiers.swift; sourceTree = "<group>"; };
		4D1DAD312B122B6F00AFA13A /* SignupView.swift */ = {isa = PBXFileReference; lastKnownFileType = sourcecode.swift; path = SignupView.swift; sourceTree = "<group>"; };
		4D1DAD332B122C7500AFA13A /* UsernameTextField.swift */ = {isa = PBXFileReference; lastKnownFileType = sourcecode.swift; path = UsernameTextField.swift; sourceTree = "<group>"; };
		4D1DAD352B122EAB00AFA13A /* SignupButton.swift */ = {isa = PBXFileReference; lastKnownFileType = sourcecode.swift; path = SignupButton.swift; sourceTree = "<group>"; };
/* End PBXFileReference section */

/* Begin PBXFrameworksBuildPhase section */
		4D1DACD02B117DC700AFA13A /* Frameworks */ = {
			isa = PBXFrameworksBuildPhase;
			buildActionMask = 2147483647;
			files = (
				4D1DAD762B123C9D00AFA13A /* FirebaseAnalyticsSwift in Frameworks */,
				4D1DAD722B123C9D00AFA13A /* FirebaseAnalytics in Frameworks */,
				4D1DAD742B123C9D00AFA13A /* FirebaseAnalyticsOnDeviceConversion in Frameworks */,
				4D1DAD7A2B123C9D00AFA13A /* FirebaseAppCheck in Frameworks */,
				4D1DAD782B123C9D00AFA13A /* FirebaseAnalyticsWithoutAdIdSupport in Frameworks */,
			);
			runOnlyForDeploymentPostprocessing = 0;
		};
/* End PBXFrameworksBuildPhase section */

/* Begin PBXGroup section */
		4D1DACCA2B117DC700AFA13A = {
			isa = PBXGroup;
			children = (
				4D1DACD52B117DC700AFA13A /* Instagram */,
				4D1DACD42B117DC700AFA13A /* Products */,
			);
			sourceTree = "<group>";
		};
		4D1DACD42B117DC700AFA13A /* Products */ = {
			isa = PBXGroup;
			children = (
				4D1DACD32B117DC700AFA13A /* Instagram.app */,
			);
			name = Products;
			sourceTree = "<group>";
		};
		4D1DACD52B117DC700AFA13A /* Instagram */ = {
			isa = PBXGroup;
			children = (
				4D1DACD62B117DC700AFA13A /* InstagramApp.swift */,
				4D1DACD82B117DC700AFA13A /* SigninView.swift */,
				4D1DAD312B122B6F00AFA13A /* SignupView.swift */,
				4D1DAD2F2B121B6700AFA13A /* Modifiers.swift */,
				4D1DAD2D2B121A5A00AFA13A /* Constants.swift */,
				4D1DACE42B11948900AFA13A /* Components */,
				4D1DACDA2B117DC900AFA13A /* Assets.xcassets */,
				4D1DACDC2B117DC900AFA13A /* Preview Content */,
			);
			path = Instagram;
			sourceTree = "<group>";
		};
		4D1DACDC2B117DC900AFA13A /* Preview Content */ = {
			isa = PBXGroup;
			children = (
				4D1DACDD2B117DC900AFA13A /* Preview Assets.xcassets */,
			);
			path = "Preview Content";
			sourceTree = "<group>";
		};
		4D1DACE42B11948900AFA13A /* Components */ = {
			isa = PBXGroup;
			children = (
				4D1DACED2B11955C00AFA13A /* HeaderView.swift */,
				4D1DACE52B1194BB00AFA13A /* SigninButton.swift */,
				4D1DAD352B122EAB00AFA13A /* SignupButton.swift */,
				4D1DACE72B1194E700AFA13A /* SignupText.swift */,
				4D1DACEB2B11953B00AFA13A /* EmailTextView.swift */,
				4D1DACE92B11950600AFA13A /* PasswordTextView.swift */,
				4D1DAD332B122C7500AFA13A /* UsernameTextField.swift */,
			);
			path = Components;
			sourceTree = "<group>";
		};
/* End PBXGroup section */

/* Begin PBXNativeTarget section */
		4D1DACD22B117DC700AFA13A /* Instagram */ = {
			isa = PBXNativeTarget;
			buildConfigurationList = 4D1DACE12B117DC900AFA13A /* Build configuration list for PBXNativeTarget "Instagram" */;
			buildPhases = (
				4D1DACCF2B117DC700AFA13A /* Sources */,
				4D1DACD02B117DC700AFA13A /* Frameworks */,
				4D1DACD12B117DC700AFA13A /* Resources */,
			);
			buildRules = (
			);
			dependencies = (
			);
			name = Instagram;
			packageProductDependencies = (
				4D1DAD712B123C9D00AFA13A /* FirebaseAnalytics */,
				4D1DAD732B123C9D00AFA13A /* FirebaseAnalyticsOnDeviceConversion */,
				4D1DAD752B123C9D00AFA13A /* FirebaseAnalyticsSwift */,
				4D1DAD772B123C9D00AFA13A /* FirebaseAnalyticsWithoutAdIdSupport */,
				4D1DAD792B123C9D00AFA13A /* FirebaseAppCheck */,
			);
			productName = Instagram;
			productReference = 4D1DACD32B117DC700AFA13A /* Instagram.app */;
			productType = "com.apple.product-type.application";
		};
/* End PBXNativeTarget section */

/* Begin PBXProject section */
		4D1DACCB2B117DC700AFA13A /* Project object */ = {
			isa = PBXProject;
			attributes = {
				BuildIndependentTargetsInParallel = 1;
				LastSwiftUpdateCheck = 1500;
				LastUpgradeCheck = 1500;
				TargetAttributes = {
					4D1DACD22B117DC700AFA13A = {
						CreatedOnToolsVersion = 15.0.1;
					};
				};
			};
			buildConfigurationList = 4D1DACCE2B117DC700AFA13A /* Build configuration list for PBXProject "Instagram" */;
			compatibilityVersion = "Xcode 14.0";
			developmentRegion = en;
			hasScannedForEncodings = 0;
			knownRegions = (
				en,
				Base,
			);
			mainGroup = 4D1DACCA2B117DC700AFA13A;
			packageReferences = (
				4D1DAD702B123C9D00AFA13A /* XCRemoteSwiftPackageReference "firebase-ios-sdk" */,
			);
			productRefGroup = 4D1DACD42B117DC700AFA13A /* Products */;
			projectDirPath = "";
			projectRoot = "";
			targets = (
				4D1DACD22B117DC700AFA13A /* Instagram */,
			);
		};
/* End PBXProject section */

/* Begin PBXResourcesBuildPhase section */
		4D1DACD12B117DC700AFA13A /* Resources */ = {
			isa = PBXResourcesBuildPhase;
			buildActionMask = 2147483647;
			files = (
				4D1DACDE2B117DC900AFA13A /* Preview Assets.xcassets in Resources */,
				4D1DACDB2B117DC900AFA13A /* Assets.xcassets in Resources */,
			);
			runOnlyForDeploymentPostprocessing = 0;
		};
/* End PBXResourcesBuildPhase section */

/* Begin PBXSourcesBuildPhase section */
		4D1DACCF2B117DC700AFA13A /* Sources */ = {
			isa = PBXSourcesBuildPhase;
			buildActionMask = 2147483647;
			files = (
				4D1DACD92B117DC700AFA13A /* SigninView.swift in Sources */,
				4D1DACEA2B11950600AFA13A /* PasswordTextView.swift in Sources */,
				4D1DACEC2B11953B00AFA13A /* EmailTextView.swift in Sources */,
				4D1DACE62B1194BB00AFA13A /* SigninButton.swift in Sources */,
				4D1DAD322B122B6F00AFA13A /* SignupView.swift in Sources */,
				4D1DACD72B117DC700AFA13A /* InstagramApp.swift in Sources */,
				4D1DACE82B1194E700AFA13A /* SignupText.swift in Sources */,
				4D1DAD362B122EAB00AFA13A /* SignupButton.swift in Sources */,
				4D1DACEE2B11955C00AFA13A /* HeaderView.swift in Sources */,
				4D1DAD302B121B6700AFA13A /* Modifiers.swift in Sources */,
				4D1DAD2E2B121A5A00AFA13A /* Constants.swift in Sources */,
				4D1DAD342B122C7500AFA13A /* UsernameTextField.swift in Sources */,
			);
			runOnlyForDeploymentPostprocessing = 0;
		};
/* End PBXSourcesBuildPhase section */

/* Begin XCBuildConfiguration section */
		4D1DACDF2B117DC900AFA13A /* Debug */ = {
			isa = XCBuildConfiguration;
			buildSettings = {
				ALWAYS_SEARCH_USER_PATHS = NO;
				ASSETCATALOG_COMPILER_GENERATE_SWIFT_ASSET_SYMBOL_EXTENSIONS = YES;
				CLANG_ANALYZER_NONNULL = YES;
				CLANG_ANALYZER_NUMBER_OBJECT_CONVERSION = YES_AGGRESSIVE;
				CLANG_CXX_LANGUAGE_STANDARD = "gnu++20";
				CLANG_ENABLE_MODULES = YES;
				CLANG_ENABLE_OBJC_ARC = YES;
				CLANG_ENABLE_OBJC_WEAK = YES;
				CLANG_WARN_BLOCK_CAPTURE_AUTORELEASING = YES;
				CLANG_WARN_BOOL_CONVERSION = YES;
				CLANG_WARN_COMMA = YES;
				CLANG_WARN_CONSTANT_CONVERSION = YES;
				CLANG_WARN_DEPRECATED_OBJC_IMPLEMENTATIONS = YES;
				CLANG_WARN_DIRECT_OBJC_ISA_USAGE = YES_ERROR;
				CLANG_WARN_DOCUMENTATION_COMMENTS = YES;
				CLANG_WARN_EMPTY_BODY = YES;
				CLANG_WARN_ENUM_CONVERSION = YES;
				CLANG_WARN_INFINITE_RECURSION = YES;
				CLANG_WARN_INT_CONVERSION = YES;
				CLANG_WARN_NON_LITERAL_NULL_CONVERSION = YES;
				CLANG_WARN_OBJC_IMPLICIT_RETAIN_SELF = YES;
				CLANG_WARN_OBJC_LITERAL_CONVERSION = YES;
				CLANG_WARN_OBJC_ROOT_CLASS = YES_ERROR;
				CLANG_WARN_QUOTED_INCLUDE_IN_FRAMEWORK_HEADER = YES;
				CLANG_WARN_RANGE_LOOP_ANALYSIS = YES;
				CLANG_WARN_STRICT_PROTOTYPES = YES;
				CLANG_WARN_SUSPICIOUS_MOVE = YES;
				CLANG_WARN_UNGUARDED_AVAILABILITY = YES_AGGRESSIVE;
				CLANG_WARN_UNREACHABLE_CODE = YES;
				CLANG_WARN__DUPLICATE_METHOD_MATCH = YES;
				COPY_PHASE_STRIP = NO;
				DEBUG_INFORMATION_FORMAT = dwarf;
				ENABLE_STRICT_OBJC_MSGSEND = YES;
				ENABLE_TESTABILITY = YES;
				ENABLE_USER_SCRIPT_SANDBOXING = YES;
				GCC_C_LANGUAGE_STANDARD = gnu17;
				GCC_DYNAMIC_NO_PIC = NO;
				GCC_NO_COMMON_BLOCKS = YES;
				GCC_OPTIMIZATION_LEVEL = 0;
				GCC_PREPROCESSOR_DEFINITIONS = (
					"DEBUG=1",
					"$(inherited)",
				);
				GCC_WARN_64_TO_32_BIT_CONVERSION = YES;
				GCC_WARN_ABOUT_RETURN_TYPE = YES_ERROR;
				GCC_WARN_UNDECLARED_SELECTOR = YES;
				GCC_WARN_UNINITIALIZED_AUTOS = YES_AGGRESSIVE;
				GCC_WARN_UNUSED_FUNCTION = YES;
				GCC_WARN_UNUSED_VARIABLE = YES;
				IPHONEOS_DEPLOYMENT_TARGET = 17.0;
				LOCALIZATION_PREFERS_STRING_CATALOGS = YES;
				MTL_ENABLE_DEBUG_INFO = INCLUDE_SOURCE;
				MTL_FAST_MATH = YES;
				ONLY_ACTIVE_ARCH = YES;
				SDKROOT = iphoneos;
				SWIFT_ACTIVE_COMPILATION_CONDITIONS = "DEBUG $(inherited)";
				SWIFT_OPTIMIZATION_LEVEL = "-Onone";
			};
			name = Debug;
		};
		4D1DACE02B117DC900AFA13A /* Release */ = {
			isa = XCBuildConfiguration;
			buildSettings = {
				ALWAYS_SEARCH_USER_PATHS = NO;
				ASSETCATALOG_COMPILER_GENERATE_SWIFT_ASSET_SYMBOL_EXTENSIONS = YES;
				CLANG_ANALYZER_NONNULL = YES;
				CLANG_ANALYZER_NUMBER_OBJECT_CONVERSION = YES_AGGRESSIVE;
				CLANG_CXX_LANGUAGE_STANDARD = "gnu++20";
				CLANG_ENABLE_MODULES = YES;
				CLANG_ENABLE_OBJC_ARC = YES;
				CLANG_ENABLE_OBJC_WEAK = YES;
				CLANG_WARN_BLOCK_CAPTURE_AUTORELEASING = YES;
				CLANG_WARN_BOOL_CONVERSION = YES;
				CLANG_WARN_COMMA = YES;
				CLANG_WARN_CONSTANT_CONVERSION = YES;
				CLANG_WARN_DEPRECATED_OBJC_IMPLEMENTATIONS = YES;
				CLANG_WARN_DIRECT_OBJC_ISA_USAGE = YES_ERROR;
				CLANG_WARN_DOCUMENTATION_COMMENTS = YES;
				CLANG_WARN_EMPTY_BODY = YES;
				CLANG_WARN_ENUM_CONVERSION = YES;
				CLANG_WARN_INFINITE_RECURSION = YES;
				CLANG_WARN_INT_CONVERSION = YES;
				CLANG_WARN_NON_LITERAL_NULL_CONVERSION = YES;
				CLANG_WARN_OBJC_IMPLICIT_RETAIN_SELF = YES;
				CLANG_WARN_OBJC_LITERAL_CONVERSION = YES;
				CLANG_WARN_OBJC_ROOT_CLASS = YES_ERROR;
				CLANG_WARN_QUOTED_INCLUDE_IN_FRAMEWORK_HEADER = YES;
				CLANG_WARN_RANGE_LOOP_ANALYSIS = YES;
				CLANG_WARN_STRICT_PROTOTYPES = YES;
				CLANG_WARN_SUSPICIOUS_MOVE = YES;
				CLANG_WARN_UNGUARDED_AVAILABILITY = YES_AGGRESSIVE;
				CLANG_WARN_UNREACHABLE_CODE = YES;
				CLANG_WARN__DUPLICATE_METHOD_MATCH = YES;
				COPY_PHASE_STRIP = NO;
				DEBUG_INFORMATION_FORMAT = "dwarf-with-dsym";
				ENABLE_NS_ASSERTIONS = NO;
				ENABLE_STRICT_OBJC_MSGSEND = YES;
				ENABLE_USER_SCRIPT_SANDBOXING = YES;
				GCC_C_LANGUAGE_STANDARD = gnu17;
				GCC_NO_COMMON_BLOCKS = YES;
				GCC_WARN_64_TO_32_BIT_CONVERSION = YES;
				GCC_WARN_ABOUT_RETURN_TYPE = YES_ERROR;
				GCC_WARN_UNDECLARED_SELECTOR = YES;
				GCC_WARN_UNINITIALIZED_AUTOS = YES_AGGRESSIVE;
				GCC_WARN_UNUSED_FUNCTION = YES;
				GCC_WARN_UNUSED_VARIABLE = YES;
				IPHONEOS_DEPLOYMENT_TARGET = 17.0;
				LOCALIZATION_PREFERS_STRING_CATALOGS = YES;
				MTL_ENABLE_DEBUG_INFO = NO;
				MTL_FAST_MATH = YES;
				SDKROOT = iphoneos;
				SWIFT_COMPILATION_MODE = wholemodule;
				VALIDATE_PRODUCT = YES;
			};
			name = Release;
		};
		4D1DACE22B117DC900AFA13A /* Debug */ = {
			isa = XCBuildConfiguration;
			buildSettings = {
				ASSETCATALOG_COMPILER_APPICON_NAME = AppIcon;
				ASSETCATALOG_COMPILER_GLOBAL_ACCENT_COLOR_NAME = AccentColor;
				CODE_SIGN_STYLE = Automatic;
				CURRENT_PROJECT_VERSION = 1;
				DEVELOPMENT_ASSET_PATHS = "\"Instagram/Preview Content\"";
				DEVELOPMENT_TEAM = CZHT3BTCGY;
				ENABLE_PREVIEWS = YES;
				GENERATE_INFOPLIST_FILE = YES;
				INFOPLIST_KEY_UIApplicationSceneManifest_Generation = YES;
				INFOPLIST_KEY_UIApplicationSupportsIndirectInputEvents = YES;
				INFOPLIST_KEY_UILaunchScreen_Generation = YES;
				INFOPLIST_KEY_UISupportedInterfaceOrientations_iPad = "UIInterfaceOrientationPortrait UIInterfaceOrientationPortraitUpsideDown UIInterfaceOrientationLandscapeLeft UIInterfaceOrientationLandscapeRight";
				INFOPLIST_KEY_UISupportedInterfaceOrientations_iPhone = "UIInterfaceOrientationPortrait UIInterfaceOrientationLandscapeLeft UIInterfaceOrientationLandscapeRight";
				LD_RUNPATH_SEARCH_PATHS = (
					"$(inherited)",
					"@executable_path/Frameworks",
				);
				MARKETING_VERSION = 1.0;
				PRODUCT_BUNDLE_IDENTIFIER = org.gdelgado.Instagram;
				PRODUCT_NAME = "$(TARGET_NAME)";
				SWIFT_EMIT_LOC_STRINGS = YES;
				SWIFT_VERSION = 5.0;
				TARGETED_DEVICE_FAMILY = "1,2";
			};
			name = Debug;
		};
		4D1DACE32B117DC900AFA13A /* Release */ = {
			isa = XCBuildConfiguration;
			buildSettings = {
				ASSETCATALOG_COMPILER_APPICON_NAME = AppIcon;
				ASSETCATALOG_COMPILER_GLOBAL_ACCENT_COLOR_NAME = AccentColor;
				CODE_SIGN_STYLE = Automatic;
				CURRENT_PROJECT_VERSION = 1;
				DEVELOPMENT_ASSET_PATHS = "\"Instagram/Preview Content\"";
				DEVELOPMENT_TEAM = CZHT3BTCGY;
				ENABLE_PREVIEWS = YES;
				GENERATE_INFOPLIST_FILE = YES;
				INFOPLIST_KEY_UIApplicationSceneManifest_Generation = YES;
				INFOPLIST_KEY_UIApplicationSupportsIndirectInputEvents = YES;
				INFOPLIST_KEY_UILaunchScreen_Generation = YES;
				INFOPLIST_KEY_UISupportedInterfaceOrientations_iPad = "UIInterfaceOrientationPortrait UIInterfaceOrientationPortraitUpsideDown UIInterfaceOrientationLandscapeLeft UIInterfaceOrientationLandscapeRight";
				INFOPLIST_KEY_UISupportedInterfaceOrientations_iPhone = "UIInterfaceOrientationPortrait UIInterfaceOrientationLandscapeLeft UIInterfaceOrientationLandscapeRight";
				LD_RUNPATH_SEARCH_PATHS = (
					"$(inherited)",
					"@executable_path/Frameworks",
				);
				MARKETING_VERSION = 1.0;
				PRODUCT_BUNDLE_IDENTIFIER = org.gdelgado.Instagram;
				PRODUCT_NAME = "$(TARGET_NAME)";
				SWIFT_EMIT_LOC_STRINGS = YES;
				SWIFT_VERSION = 5.0;
				TARGETED_DEVICE_FAMILY = "1,2";
			};
			name = Release;
		};
/* End XCBuildConfiguration section */

/* Begin XCConfigurationList section */
		4D1DACCE2B117DC700AFA13A /* Build configuration list for PBXProject "Instagram" */ = {
			isa = XCConfigurationList;
			buildConfigurations = (
				4D1DACDF2B117DC900AFA13A /* Debug */,
				4D1DACE02B117DC900AFA13A /* Release */,
			);
			defaultConfigurationIsVisible = 0;
			defaultConfigurationName = Release;
		};
		4D1DACE12B117DC900AFA13A /* Build configuration list for PBXNativeTarget "Instagram" */ = {
			isa = XCConfigurationList;
			buildConfigurations = (
				4D1DACE22B117DC900AFA13A /* Debug */,
				4D1DACE32B117DC900AFA13A /* Release */,
			);
			defaultConfigurationIsVisible = 0;
			defaultConfigurationName = Release;
		};
/* End XCConfigurationList section */

/* Begin XCRemoteSwiftPackageReference section */
		4D1DAD702B123C9D00AFA13A /* XCRemoteSwiftPackageReference "firebase-ios-sdk" */ = {
			isa = XCRemoteSwiftPackageReference;
			repositoryURL = "https://github.com/firebase/firebase-ios-sdk";
			requirement = {
				kind = upToNextMajorVersion;
				minimumVersion = 10.18.0;
			};
		};
/* End XCRemoteSwiftPackageReference section */

/* Begin XCSwiftPackageProductDependency section */
		4D1DAD712B123C9D00AFA13A /* FirebaseAnalytics */ = {
			isa = XCSwiftPackageProductDependency;
			package = 4D1DAD702B123C9D00AFA13A /* XCRemoteSwiftPackageReference "firebase-ios-sdk" */;
			productName = FirebaseAnalytics;
		};
		4D1DAD732B123C9D00AFA13A /* FirebaseAnalyticsOnDeviceConversion */ = {
			isa = XCSwiftPackageProductDependency;
			package = 4D1DAD702B123C9D00AFA13A /* XCRemoteSwiftPackageReference "firebase-ios-sdk" */;
			productName = FirebaseAnalyticsOnDeviceConversion;
		};
		4D1DAD752B123C9D00AFA13A /* FirebaseAnalyticsSwift */ = {
			isa = XCSwiftPackageProductDependency;
			package = 4D1DAD702B123C9D00AFA13A /* XCRemoteSwiftPackageReference "firebase-ios-sdk" */;
			productName = FirebaseAnalyticsSwift;
		};
		4D1DAD772B123C9D00AFA13A /* FirebaseAnalyticsWithoutAdIdSupport */ = {
			isa = XCSwiftPackageProductDependency;
			package = 4D1DAD702B123C9D00AFA13A /* XCRemoteSwiftPackageReference "firebase-ios-sdk" */;
			productName = FirebaseAnalyticsWithoutAdIdSupport;
		};
		4D1DAD792B123C9D00AFA13A /* FirebaseAppCheck */ = {
			isa = XCSwiftPackageProductDependency;
			package = 4D1DAD702B123C9D00AFA13A /* XCRemoteSwiftPackageReference "firebase-ios-sdk" */;
			productName = FirebaseAppCheck;
		};
/* End XCSwiftPackageProductDependency section */
	};
	rootObject = 4D1DACCB2B117DC700AFA13A /* Project object */;
}
